
Microsoft Visual Studio Solution File, Format Version 12.00
# Visual Studio Version 17
VisualStudioVersion = 17.2.32505.173
MinimumVisualStudioVersion = 10.0.40219.1
Project("{FAE04EC0-301F-11D3-BF4B-00C04F79EFBC}") = "RoundsVC", "RoundsVC.csproj", "{F32C025B-C8A3-4680-995E-B36C19E791BD}"
EndProject
Global
	GlobalSection(SolutionConfigurationPlatforms) = preSolution
		Debug|Any CPU = Debug|Any CPU
		Release|Any CPU = Release|Any CPU
	EndGlobalSection
	GlobalSection(ProjectConfigurationPlatforms) = postSolution
		{F32C025B-C8A3-4680-995E-B36C19E791BD}.Debug|Any CPU.ActiveCfg = Debug|Any CPU
		{F32C025B-C8A3-4680-995E-B36C19E791BD}.Debug|Any CPU.Build.0 = Debug|Any CPU
		{F32C025B-C8A3-4680-995E-B36C19E791BD}.Release|Any CPU.ActiveCfg = Release|Any CPU
		{F32C025B-C8A3-4680-995E-B36C19E791BD}.Release|Any CPU.Build.0 = Release|Any CPU
	EndGlobalSection
	GlobalSection(SolutionProperties) = preSolution
		HideSolutionNode = FALSE
	EndGlobalSection
	GlobalSection(ExtensibilityGlobals) = postSolution
		SolutionGuid = {644D1A57-8DA6-412E-9630-FB93DAE734F7}
	EndGlobalSection
EndGlobal
